
Microsoft Visual Studio Solution File, Format Version 12.00
# Visual Studio 15
VisualStudioVersion = 15.0.27130.2010
MinimumVisualStudioVersion = 10.0.40219.1
Project("{FAE04EC0-301F-11D3-BF4B-00C04F79EFBC}") = "PawsWCF", "PawsWCF\PawsWCF.csproj", "{D1A21A78-065B-49EE-B9F3-FDC52E83149F}"
EndProject
Project("{FAE04EC0-301F-11D3-BF4B-00C04F79EFBC}") = "PawsDataAccess", "PawsDataAccess\PawsDataAccess.csproj", "{50D1B2B4-5C00-4C9D-ADE1-AF48A3B5B9E8}"
EndProject
Project("{FAE04EC0-301F-11D3-BF4B-00C04F79EFBC}") = "PawsBussinessLogic", "PawsBussinessLogic\PawsBussinessLogic.csproj", "{0EC03163-E098-445D-A3C8-71498EBAC2AB}"
EndProject
Project("{FAE04EC0-301F-11D3-BF4B-00C04F79EFBC}") = "PawsEntity", "PawsEntity\PawsEntity.csproj", "{CAAF2A90-6B5F-484B-97A0-D8E8FC991EDF}"
EndProject
Global
	GlobalSection(SolutionConfigurationPlatforms) = preSolution
		Debug|Any CPU = Debug|Any CPU
		Release|Any CPU = Release|Any CPU
	EndGlobalSection
	GlobalSection(ProjectConfigurationPlatforms) = postSolution
		{D1A21A78-065B-49EE-B9F3-FDC52E83149F}.Debug|Any CPU.ActiveCfg = Debug|Any CPU
		{D1A21A78-065B-49EE-B9F3-FDC52E83149F}.Debug|Any CPU.Build.0 = Debug|Any CPU
		{D1A21A78-065B-49EE-B9F3-FDC52E83149F}.Release|Any CPU.ActiveCfg = Release|Any CPU
		{D1A21A78-065B-49EE-B9F3-FDC52E83149F}.Release|Any CPU.Build.0 = Release|Any CPU
		{50D1B2B4-5C00-4C9D-ADE1-AF48A3B5B9E8}.Debug|Any CPU.ActiveCfg = Debug|Any CPU
		{50D1B2B4-5C00-4C9D-ADE1-AF48A3B5B9E8}.Debug|Any CPU.Build.0 = Debug|Any CPU
		{50D1B2B4-5C00-4C9D-ADE1-AF48A3B5B9E8}.Release|Any CPU.ActiveCfg = Release|Any CPU
		{50D1B2B4-5C00-4C9D-ADE1-AF48A3B5B9E8}.Release|Any CPU.Build.0 = Release|Any CPU
		{0EC03163-E098-445D-A3C8-71498EBAC2AB}.Debug|Any CPU.ActiveCfg = Debug|Any CPU
		{0EC03163-E098-445D-A3C8-71498EBAC2AB}.Debug|Any CPU.Build.0 = Debug|Any CPU
		{0EC03163-E098-445D-A3C8-71498EBAC2AB}.Release|Any CPU.ActiveCfg = Release|Any CPU
		{0EC03163-E098-445D-A3C8-71498EBAC2AB}.Release|Any CPU.Build.0 = Release|Any CPU
		{CAAF2A90-6B5F-484B-97A0-D8E8FC991EDF}.Debug|Any CPU.ActiveCfg = Debug|Any CPU
		{CAAF2A90-6B5F-484B-97A0-D8E8FC991EDF}.Debug|Any CPU.Build.0 = Debug|Any CPU
		{CAAF2A90-6B5F-484B-97A0-D8E8FC991EDF}.Release|Any CPU.ActiveCfg = Release|Any CPU
		{CAAF2A90-6B5F-484B-97A0-D8E8FC991EDF}.Release|Any CPU.Build.0 = Release|Any CPU
	EndGlobalSection
	GlobalSection(SolutionProperties) = preSolution
		HideSolutionNode = FALSE
	EndGlobalSection
	GlobalSection(ExtensibilityGlobals) = postSolution
		SolutionGuid = {08E77C33-A44D-4332-9AA5-3B1DA0CB37DA}
	EndGlobalSection
EndGlobal
